<?xml version="1.0" encoding="utf-8"?>
<Project ToolsVersion="4.0" xmlns="http://schemas.microsoft.com/developer/msbuild/2003">
  <ItemGroup>
    <Filter Include="sproto">
      <UniqueIdentifier>{557060b5-84c0-4b3f-9e74-260ba230ac01}</UniqueIdentifier>
    </Filter>
    <Filter Include="lpeg-1.0.0">
      <UniqueIdentifier>{4aa9e474-e259-4129-8ec3-1cc0bca02c8e}</UniqueIdentifier>
    </Filter>
    <Filter Include="lua-5.3.2">
      <UniqueIdentifier>{728728d3-4f02-4783-b2eb-716f310c6e99}</UniqueIdentifier>
    </Filter>
    <Filter Include="slua-1.1.1">
      <UniqueIdentifier>{f2145e29-0635-4581-8799-37b297dbfffc}</UniqueIdentifier>
    </Filter>
  </ItemGroup>
  <ItemGroup>
    <ClCompile Include="..\lua-src\sproto\lsproto.c">
      <Filter>sproto</Filter>
    </ClCompile>
    <ClCompile Include="..\lua-src\sproto\sproto.c">
      <Filter>sproto</Filter>
    </ClCompile>
    <ClCompile Include="..\lua-src\lpeg-1.0.0\lpcap.c">
      <Filter>lpeg-1.0.0</Filter>
    </ClCompile>
    <ClCompile Include="..\lua-src\lpeg-1.0.0\lpcode.c">
      <Filter>lpeg-1.0.0</Filter>
    </ClCompile>
    <ClCompile Include="..\lua-src\lpeg-1.0.0\lpprint.c">
      <Filter>lpeg-1.0.0</Filter>
    </ClCompile>
    <ClCompile Include="..\lua-src\lpeg-1.0.0\lptree.c">
      <Filter>lpeg-1.0.0</Filter>
    </ClCompile>
    <ClCompile Include="..\lua-src\lpeg-1.0.0\lpvm.c">
      <Filter>lpeg-1.0.0</Filter>
    </ClCompile>
    <ClCompile Include="..\lua-src\lua-5.3.2\src\lapi.c">
      <Filter>lua-5.3.2</Filter>
    </ClCompile>
    <ClCompile Include="..\lua-src\lua-5.3.2\src\lauxlib.c">
      <Filter>lua-5.3.2</Filter>
    </ClCompile>
    <ClCompile Include="..\lua-src\lua-5.3.2\src\lbaselib.c">
      <Filter>lua-5.3.2</Filter>
    </ClCompile>
    <ClCompile Include="..\lua-src\lua-5.3.2\src\lbitlib.c">
      <Filter>lua-5.3.2</Filter>
    </ClCompile>
    <ClCompile Include="..\lua-src\lua-5.3.2\src\lcode.c">
      <Filter>lua-5.3.2</Filter>
    </ClCompile>
    <ClCompile Include="..\lua-src\lua-5.3.2\src\lcorolib.c">
      <Filter>lua-5.3.2</Filter>
    </ClCompile>
    <ClCompile Include="..\lua-src\lua-5.3.2\src\lctype.c">
      <Filter>lua-5.3.2</Filter>
    </ClCompile>
    <ClCompile Include="..\lua-src\lua-5.3.2\src\ldblib.c">
      <Filter>lua-5.3.2</Filter>
    </ClCompile>
    <ClCompile Include="..\lua-src\lua-5.3.2\src\ldebug.c">
      <Filter>lua-5.3.2</Filter>
    </ClCompile>
    <ClCompile Include="..\lua-src\lua-5.3.2\src\ldo.c">
      <Filter>lua-5.3.2</Filter>
    </ClCompile>
    <ClCompile Include="..\lua-src\lua-5.3.2\src\ldump.c">
      <Filter>lua-5.3.2</Filter>
    </ClCompile>
    <ClCompile Include="..\lua-src\lua-5.3.2\src\lfunc.c">
      <Filter>lua-5.3.2</Filter>
    </ClCompile>
    <ClCompile Include="..\lua-src\lua-5.3.2\src\lgc.c">
      <Filter>lua-5.3.2</Filter>
    </ClCompile>
    <ClCompile Include="..\lua-src\lua-5.3.2\src\linit.c">
      <Filter>lua-5.3.2</Filter>
    </ClCompile>
    <ClCompile Include="..\lua-src\lua-5.3.2\src\liolib.c">
      <Filter>lua-5.3.2</Filter>
    </ClCompile>
    <ClCompile Include="..\lua-src\lua-5.3.2\src\llex.c">
      <Filter>lua-5.3.2</Filter>
    </ClCompile>
    <ClCompile Include="..\lua-src\lua-5.3.2\src\lmathlib.c">
      <Filter>lua-5.3.2</Filter>
    </ClCompile>
    <ClCompile Include="..\lua-src\lua-5.3.2\src\lmem.c">
      <Filter>lua-5.3.2</Filter>
    </ClCompile>
    <ClCompile Include="..\lua-src\lua-5.3.2\src\loadlib.c">
      <Filter>lua-5.3.2</Filter>
    </ClCompile>
    <ClCompile Include="..\lua-src\lua-5.3.2\src\lobject.c">
      <Filter>lua-5.3.2</Filter>
    </ClCompile>
    <ClCompile Include="..\lua-src\lua-5.3.2\src\lopcodes.c">
      <Filter>lua-5.3.2</Filter>
    </ClCompile>
    <ClCompile Include="..\lua-src\lua-5.3.2\src\loslib.c">
      <Filter>lua-5.3.2</Filter>
    </ClCompile>
    <ClCompile Include="..\lua-src\lua-5.3.2\src\lparser.c">
      <Filter>lua-5.3.2</Filter>
    </ClCompile>
    <ClCompile Include="..\lua-src\lua-5.3.2\src\lstate.c">
      <Filter>lua-5.3.2</Filter>
    </ClCompile>
    <ClCompile Include="..\lua-src\lua-5.3.2\src\lstring.c">
      <Filter>lua-5.3.2</Filter>
    </ClCompile>
    <ClCompile Include="..\lua-src\lua-5.3.2\src\lstrlib.c">
      <Filter>lua-5.3.2</Filter>
    </ClCompile>
    <ClCompile Include="..\lua-src\lua-5.3.2\src\ltable.c">
      <Filter>lua-5.3.2</Filter>
    </ClCompile>
    <ClCompile Include="..\lua-src\lua-5.3.2\src\ltablib.c">
      <Filter>lua-5.3.2</Filter>
    </ClCompile>
    <ClCompile Include="..\lua-src\lua-5.3.2\src\ltm.c">
      <Filter>lua-5.3.2</Filter>
    </ClCompile>
    <ClCompile Include="..\lua-src\lua-5.3.2\src\lua.c">
      <Filter>lua-5.3.2</Filter>
    </ClCompile>
    <ClCompile Include="..\lua-src\lua-5.3.2\src\luac.c">
      <Filter>lua-5.3.2</Filter>
    </ClCompile>
    <ClCompile Include="..\lua-src\lua-5.3.2\src\lundump.c">
      <Filter>lua-5.3.2</Filter>
    </ClCompile>
    <ClCompile Include="..\lua-src\lua-5.3.2\src\lutf8lib.c">
      <Filter>lua-5.3.2</Filter>
    </ClCompile>
    <ClCompile Include="..\lua-src\lua-5.3.2\src\lvm.c">
      <Filter>lua-5.3.2</Filter>
    </ClCompile>
    <ClCompile Include="..\lua-src\lua-5.3.2\src\lzio.c">
      <Filter>lua-5.3.2</Filter>
    </ClCompile>
    <ClCompile Include="..\lua-src\slua-1.1.1\slua.c">
      <Filter>slua-1.1.1</Filter>
    </ClCompile>
  </ItemGroup>
  <ItemGroup>
    <ClInclude Include="..\lua-src\sproto\msvcint.h">
      <Filter>sproto</Filter>
    </ClInclude>
    <ClInclude Include="..\lua-src\sproto\sproto.h">
      <Filter>sproto</Filter>
    </ClInclude>
    <ClInclude Include="..\lua-src\lpeg-1.0.0\lpcap.h">
      <Filter>lpeg-1.0.0</Filter>
    </ClInclude>
    <ClInclude Include="..\lua-src\lpeg-1.0.0\lpcode.h">
      <Filter>lpeg-1.0.0</Filter>
    </ClInclude>
    <ClInclude Include="..\lua-src\lpeg-1.0.0\lpprint.h">
      <Filter>lpeg-1.0.0</Filter>
    </ClInclude>
    <ClInclude Include="..\lua-src\lpeg-1.0.0\lptree.h">
      <Filter>lpeg-1.0.0</Filter>
    </ClInclude>
    <ClInclude Include="..\lua-src\lpeg-1.0.0\lptypes.h">
      <Filter>lpeg-1.0.0</Filter>
    </ClInclude>
    <ClInclude Include="..\lua-src\lpeg-1.0.0\lpvm.h">
      <Filter>lpeg-1.0.0</Filter>
    </ClInclude>
    <ClInclude Include="..\lua-src\lua-5.3.2\src\lapi.h">
      <Filter>lua-5.3.2</Filter>
    </ClInclude>
    <ClInclude Include="..\lua-src\lua-5.3.2\src\lauxlib.h">
      <Filter>lua-5.3.2</Filter>
    </ClInclude>
    <ClInclude Include="..\lua-src\lua-5.3.2\src\lcode.h">
      <Filter>lua-5.3.2</Filter>
    </ClInclude>
    <ClInclude Include="..\lua-src\lua-5.3.2\src\lctype.h">
      <Filter>lua-5.3.2</Filter>
    </ClInclude>
    <ClInclude Include="..\lua-src\lua-5.3.2\src\ldebug.h">
      <Filter>lua-5.3.2</Filter>
    </ClInclude>
    <ClInclude Include="..\lua-src\lua-5.3.2\src\ldo.h">
      <Filter>lua-5.3.2</Filter>
    </ClInclude>
    <ClInclude Include="..\lua-src\lua-5.3.2\src\lfunc.h">
      <Filter>lua-5.3.2</Filter>
    </ClInclude>
    <ClInclude Include="..\lua-src\lua-5.3.2\src\lgc.h">
      <Filter>lua-5.3.2</Filter>
    </ClInclude>
    <ClInclude Include="..\lua-src\lua-5.3.2\src\llex.h">
      <Filter>lua-5.3.2</Filter>
    </ClInclude>
    <ClInclude Include="..\lua-src\lua-5.3.2\src\llimits.h">
      <Filter>lua-5.3.2</Filter>
    </ClInclude>
    <ClInclude Include="..\lua-src\lua-5.3.2\src\lmem.h">
      <Filter>lua-5.3.2</Filter>
    </ClInclude>
    <ClInclude Include="..\lua-src\lua-5.3.2\src\lobject.h">
      <Filter>lua-5.3.2</Filter>
    </ClInclude>
    <ClInclude Include="..\lua-src\lua-5.3.2\src\lopcodes.h">
      <Filter>lua-5.3.2</Filter>
    </ClInclude>
    <ClInclude Include="..\lua-src\lua-5.3.2\src\lparser.h">
      <Filter>lua-5.3.2</Filter>
    </ClInclude>
    <ClInclude Include="..\lua-src\lua-5.3.2\src\lprefix.h">
      <Filter>lua-5.3.2</Filter>
    </ClInclude>
    <ClInclude Include="..\lua-src\lua-5.3.2\src\lstate.h">
      <Filter>lua-5.3.2</Filter>
    </ClInclude>
    <ClInclude Include="..\lua-src\lua-5.3.2\src\lstring.h">
      <Filter>lua-5.3.2</Filter>
    </ClInclude>
    <ClInclude Include="..\lua-src\lua-5.3.2\src\ltable.h">
      <Filter>lua-5.3.2</Filter>
    </ClInclude>
    <ClInclude Include="..\lua-src\lua-5.3.2\src\ltm.h">
      <Filter>lua-5.3.2</Filter>
    </ClInclude>
    <ClInclude Include="..\lua-src\lua-5.3.2\src\lua.h">
      <Filter>lua-5.3.2</Filter>
    </ClInclude>
    <ClInclude Include="..\lua-src\lua-5.3.2\src\lua.hpp">
      <Filter>lua-5.3.2</Filter>
    </ClInclude>
    <ClInclude Include="..\lua-src\lua-5.3.2\src\luaconf.h">
      <Filter>lua-5.3.2</Filter>
    </ClInclude>
    <ClInclude Include="..\lua-src\lua-5.3.2\src\lualib.h">
      <Filter>lua-5.3.2</Filter>
    </ClInclude>
    <ClInclude Include="..\lua-src\lua-5.3.2\src\lundump.h">
      <Filter>lua-5.3.2</Filter>
    </ClInclude>
    <ClInclude Include="..\lua-src\lua-5.3.2\src\lvm.h">
      <Filter>lua-5.3.2</Filter>
    </ClInclude>
    <ClInclude Include="..\lua-src\lua-5.3.2\src\lzio.h">
      <Filter>lua-5.3.2</Filter>
    </ClInclude>
  </ItemGroup>
</Project>